// !$*UTF8*$!
{
	archiveVersion = 1;
	classes = {
	};
	objectVersion = 56;
	objects = {

/* Begin PBXBuildFile section */
		F8E6A4A02B0C229400E689F4 /* TrainedApp.swift in Sources */ = {isa = PBXBuildFile; fileRef = F8E6A49F2B0C229400E689F4 /* TrainedApp.swift */; };
		F8E6A4A22B0C229400E689F4 /* ContentView.swift in Sources */ = {isa = PBXBuildFile; fileRef = F8E6A4A12B0C229400E689F4 /* ContentView.swift */; };
		F8E6A4A42B0C229500E689F4 /* Assets.xcassets in Resources */ = {isa = PBXBuildFile; fileRef = F8E6A4A32B0C229500E689F4 /* Assets.xcassets */; };
		F8E6A4A72B0C229500E689F4 /* Preview Assets.xcassets in Resources */ = {isa = PBXBuildFile; fileRef = F8E6A4A62B0C229500E689F4 /* Preview Assets.xcassets */; };
		F8E6A4B12B0C229600E689F4 /* TrainedTests.swift in Sources */ = {isa = PBXBuildFile; fileRef = F8E6A4B02B0C229600E689F4 /* TrainedTests.swift */; };
		F8E6A4BB2B0C229600E689F4 /* TrainedUITests.swift in Sources */ = {isa = PBXBuildFile; fileRef = F8E6A4BA2B0C229600E689F4 /* TrainedUITests.swift */; };
		F8E6A4BD2B0C229600E689F4 /* TrainedUITestsLaunchTests.swift in Sources */ = {isa = PBXBuildFile; fileRef = F8E6A4BC2B0C229600E689F4 /* TrainedUITestsLaunchTests.swift */; };
		F8E6A4CA2B0D77E300E689F4 /* SideMenuView.swift in Sources */ = {isa = PBXBuildFile; fileRef = F8E6A4C92B0D77E300E689F4 /* SideMenuView.swift */; };
		F8E6A4CC2B0D780200E689F4 /* SideMenuHeaderView.swift in Sources */ = {isa = PBXBuildFile; fileRef = F8E6A4CB2B0D780200E689F4 /* SideMenuHeaderView.swift */; };
		F8E6A4CE2B0D781E00E689F4 /* SideMenuOptionView.swift in Sources */ = {isa = PBXBuildFile; fileRef = F8E6A4CD2B0D781E00E689F4 /* SideMenuOptionView.swift */; };
		F8E6A4D02B0D783400E689F4 /* SideMenuViewModel.swift in Sources */ = {isa = PBXBuildFile; fileRef = F8E6A4CF2B0D783400E689F4 /* SideMenuViewModel.swift */; };
		F8E6A4D22B0D953200E689F4 /* SettingsView.swift in Sources */ = {isa = PBXBuildFile; fileRef = F8E6A4D12B0D953200E689F4 /* SettingsView.swift */; };
/* End PBXBuildFile section */

/* Begin PBXContainerItemProxy section */
		F8E6A4AD2B0C229600E689F4 /* PBXContainerItemProxy */ = {
			isa = PBXContainerItemProxy;
			containerPortal = F8E6A4942B0C229400E689F4 /* Project object */;
			proxyType = 1;
			remoteGlobalIDString = F8E6A49B2B0C229400E689F4;
			remoteInfo = Trained;
		};
		F8E6A4B72B0C229600E689F4 /* PBXContainerItemProxy */ = {
			isa = PBXContainerItemProxy;
			containerPortal = F8E6A4942B0C229400E689F4 /* Project object */;
			proxyType = 1;
			remoteGlobalIDString = F8E6A49B2B0C229400E689F4;
			remoteInfo = Trained;
		};
/* End PBXContainerItemProxy section */

/* Begin PBXFileReference section */
		F8E6A49C2B0C229400E689F4 /* Trained.app */ = {isa = PBXFileReference; explicitFileType = wrapper.application; includeInIndex = 0; path = Trained.app; sourceTree = BUILT_PRODUCTS_DIR; };
		F8E6A49F2B0C229400E689F4 /* TrainedApp.swift */ = {isa = PBXFileReference; lastKnownFileType = sourcecode.swift; path = TrainedApp.swift; sourceTree = "<group>"; };
		F8E6A4A12B0C229400E689F4 /* ContentView.swift */ = {isa = PBXFileReference; lastKnownFileType = sourcecode.swift; path = ContentView.swift; sourceTree = "<group>"; };
		F8E6A4A32B0C229500E689F4 /* Assets.xcassets */ = {isa = PBXFileReference; lastKnownFileType = folder.assetcatalog; path = Assets.xcassets; sourceTree = "<group>"; };
		F8E6A4A62B0C229500E689F4 /* Preview Assets.xcassets */ = {isa = PBXFileReference; lastKnownFileType = folder.assetcatalog; path = "Preview Assets.xcassets"; sourceTree = "<group>"; };
		F8E6A4AC2B0C229600E689F4 /* TrainedTests.xctest */ = {isa = PBXFileReference; explicitFileType = wrapper.cfbundle; includeInIndex = 0; path = TrainedTests.xctest; sourceTree = BUILT_PRODUCTS_DIR; };
		F8E6A4B02B0C229600E689F4 /* TrainedTests.swift */ = {isa = PBXFileReference; lastKnownFileType = sourcecode.swift; path = TrainedTests.swift; sourceTree = "<group>"; };
		F8E6A4B62B0C229600E689F4 /* TrainedUITests.xctest */ = {isa = PBXFileReference; explicitFileType = wrapper.cfbundle; includeInIndex = 0; path = TrainedUITests.xctest; sourceTree = BUILT_PRODUCTS_DIR; };
		F8E6A4BA2B0C229600E689F4 /* TrainedUITests.swift */ = {isa = PBXFileReference; lastKnownFileType = sourcecode.swift; path = TrainedUITests.swift; sourceTree = "<group>"; };
		F8E6A4BC2B0C229600E689F4 /* TrainedUITestsLaunchTests.swift */ = {isa = PBXFileReference; lastKnownFileType = sourcecode.swift; path = TrainedUITestsLaunchTests.swift; sourceTree = "<group>"; };
		F8E6A4C92B0D77E300E689F4 /* SideMenuView.swift */ = {isa = PBXFileReference; lastKnownFileType = sourcecode.swift; path = SideMenuView.swift; sourceTree = "<group>"; };
		F8E6A4CB2B0D780200E689F4 /* SideMenuHeaderView.swift */ = {isa = PBXFileReference; lastKnownFileType = sourcecode.swift; path = SideMenuHeaderView.swift; sourceTree = "<group>"; };
		F8E6A4CD2B0D781E00E689F4 /* SideMenuOptionView.swift */ = {isa = PBXFileReference; lastKnownFileType = sourcecode.swift; path = SideMenuOptionView.swift; sourceTree = "<group>"; };
		F8E6A4CF2B0D783400E689F4 /* SideMenuViewModel.swift */ = {isa = PBXFileReference; lastKnownFileType = sourcecode.swift; path = SideMenuViewModel.swift; sourceTree = "<group>"; };
		F8E6A4D12B0D953200E689F4 /* SettingsView.swift */ = {isa = PBXFileReference; lastKnownFileType = sourcecode.swift; path = SettingsView.swift; sourceTree = "<group>"; };
/* End PBXFileReference section */

/* Begin PBXFrameworksBuildPhase section */
		F8E6A4992B0C229400E689F4 /* Frameworks */ = {
			isa = PBXFrameworksBuildPhase;
			buildActionMask = 2147483647;
			files = (
			);
			runOnlyForDeploymentPostprocessing = 0;
		};
		F8E6A4A92B0C229600E689F4 /* Frameworks */ = {
			isa = PBXFrameworksBuildPhase;
			buildActionMask = 2147483647;
			files = (
			);
			runOnlyForDeploymentPostprocessing = 0;
		};
		F8E6A4B32B0C229600E689F4 /* Frameworks */ = {
			isa = PBXFrameworksBuildPhase;
			buildActionMask = 2147483647;
			files = (
			);
			runOnlyForDeploymentPostprocessing = 0;
		};
/* End PBXFrameworksBuildPhase section */

/* Begin PBXGroup section */
		F8E6A4932B0C229400E689F4 = {
			isa = PBXGroup;
			children = (
				F8E6A49E2B0C229400E689F4 /* Trained */,
				F8E6A4AF2B0C229600E689F4 /* TrainedTests */,
				F8E6A4B92B0C229600E689F4 /* TrainedUITests */,
				F8E6A49D2B0C229400E689F4 /* Products */,
			);
			sourceTree = "<group>";
		};
		F8E6A49D2B0C229400E689F4 /* Products */ = {
			isa = PBXGroup;
			children = (
				F8E6A49C2B0C229400E689F4 /* Trained.app */,
				F8E6A4AC2B0C229600E689F4 /* TrainedTests.xctest */,
				F8E6A4B62B0C229600E689F4 /* TrainedUITests.xctest */,
			);
			name = Products;
			sourceTree = "<group>";
		};
		F8E6A49E2B0C229400E689F4 /* Trained */ = {
			isa = PBXGroup;
			children = (
				F8E6A49F2B0C229400E689F4 /* TrainedApp.swift */,
				F8E6A4A12B0C229400E689F4 /* ContentView.swift */,
				F8E6A4A32B0C229500E689F4 /* Assets.xcassets */,
				F8E6A4A52B0C229500E689F4 /* Preview Content */,
				F8E6A4C92B0D77E300E689F4 /* SideMenuView.swift */,
				F8E6A4CB2B0D780200E689F4 /* SideMenuHeaderView.swift */,
				F8E6A4CD2B0D781E00E689F4 /* SideMenuOptionView.swift */,
				F8E6A4CF2B0D783400E689F4 /* SideMenuViewModel.swift */,
				F8E6A4D12B0D953200E689F4 /* SettingsView.swift */,
			);
			path = Trained;
			sourceTree = "<group>";
		};
		F8E6A4A52B0C229500E689F4 /* Preview Content */ = {
			isa = PBXGroup;
			children = (
				F8E6A4A62B0C229500E689F4 /* Preview Assets.xcassets */,
			);
			path = "Preview Content";
			sourceTree = "<group>";
		};
		F8E6A4AF2B0C229600E689F4 /* TrainedTests */ = {
			isa = PBXGroup;
			children = (
				F8E6A4B02B0C229600E689F4 /* TrainedTests.swift */,
			);
			path = TrainedTests;
			sourceTree = "<group>";
		};
		F8E6A4B92B0C229600E689F4 /* TrainedUITests */ = {
			isa = PBXGroup;
			children = (
				F8E6A4BA2B0C229600E689F4 /* TrainedUITests.swift */,
				F8E6A4BC2B0C229600E689F4 /* TrainedUITestsLaunchTests.swift */,
			);
			path = TrainedUITests;
			sourceTree = "<group>";
		};
/* End PBXGroup section */

/* Begin PBXNativeTarget section */
		F8E6A49B2B0C229400E689F4 /* Trained */ = {
			isa = PBXNativeTarget;
			buildConfigurationList = F8E6A4C02B0C229600E689F4 /* Build configuration list for PBXNativeTarget "Trained" */;
			buildPhases = (
				F8E6A4982B0C229400E689F4 /* Sources */,
				F8E6A4992B0C229400E689F4 /* Frameworks */,
				F8E6A49A2B0C229400E689F4 /* Resources */,
			);
			buildRules = (
			);
			dependencies = (
			);
			name = Trained;
			productName = Trained;
			productReference = F8E6A49C2B0C229400E689F4 /* Trained.app */;
			productType = "com.apple.product-type.application";
		};
		F8E6A4AB2B0C229600E689F4 /* TrainedTests */ = {
			isa = PBXNativeTarget;
			buildConfigurationList = F8E6A4C32B0C229600E689F4 /* Build configuration list for PBXNativeTarget "TrainedTests" */;
			buildPhases = (
				F8E6A4A82B0C229600E689F4 /* Sources */,
				F8E6A4A92B0C229600E689F4 /* Frameworks */,
				F8E6A4AA2B0C229600E689F4 /* Resources */,
			);
			buildRules = (
			);
			dependencies = (
				F8E6A4AE2B0C229600E689F4 /* PBXTargetDependency */,
			);
			name = TrainedTests;
			productName = TrainedTests;
			productReference = F8E6A4AC2B0C229600E689F4 /* TrainedTests.xctest */;
			productType = "com.apple.product-type.bundle.unit-test";
		};
		F8E6A4B52B0C229600E689F4 /* TrainedUITests */ = {
			isa = PBXNativeTarget;
			buildConfigurationList = F8E6A4C62B0C229600E689F4 /* Build configuration list for PBXNativeTarget "TrainedUITests" */;
			buildPhases = (
				F8E6A4B22B0C229600E689F4 /* Sources */,
				F8E6A4B32B0C229600E689F4 /* Frameworks */,
				F8E6A4B42B0C229600E689F4 /* Resources */,
			);
			buildRules = (
			);
			dependencies = (
				F8E6A4B82B0C229600E689F4 /* PBXTargetDependency */,
			);
			name = TrainedUITests;
			productName = TrainedUITests;
			productReference = F8E6A4B62B0C229600E689F4 /* TrainedUITests.xctest */;
			productType = "com.apple.product-type.bundle.ui-testing";
		};
/* End PBXNativeTarget section */

/* Begin PBXProject section */
		F8E6A4942B0C229400E689F4 /* Project object */ = {
			isa = PBXProject;
			attributes = {
				BuildIndependentTargetsInParallel = 1;
				LastSwiftUpdateCheck = 1500;
				LastUpgradeCheck = 1500;
				TargetAttributes = {
					F8E6A49B2B0C229400E689F4 = {
						CreatedOnToolsVersion = 15.0;
					};
					F8E6A4AB2B0C229600E689F4 = {
						CreatedOnToolsVersion = 15.0;
						TestTargetID = F8E6A49B2B0C229400E689F4;
					};
					F8E6A4B52B0C229600E689F4 = {
						CreatedOnToolsVersion = 15.0;
						TestTargetID = F8E6A49B2B0C229400E689F4;
					};
				};
			};
			buildConfigurationList = F8E6A4972B0C229400E689F4 /* Build configuration list for PBXProject "Trained" */;
			compatibilityVersion = "Xcode 14.0";
			developmentRegion = en;
			hasScannedForEncodings = 0;
			knownRegions = (
				en,
				Base,
			);
			mainGroup = F8E6A4932B0C229400E689F4;
			productRefGroup = F8E6A49D2B0C229400E689F4 /* Products */;
			projectDirPath = "";
			projectRoot = "";
			targets = (
				F8E6A49B2B0C229400E689F4 /* Trained */,
				F8E6A4AB2B0C229600E689F4 /* TrainedTests */,
				F8E6A4B52B0C229600E689F4 /* TrainedUITests */,
			);
		};
/* End PBXProject section */

/* Begin PBXResourcesBuildPhase section */
		F8E6A49A2B0C229400E689F4 /* Resources */ = {
			isa = PBXResourcesBuildPhase;
			buildActionMask = 2147483647;
			files = (
				F8E6A4A72B0C229500E689F4 /* Preview Assets.xcassets in Resources */,
				F8E6A4A42B0C229500E689F4 /* Assets.xcassets in Resources */,
			);
			runOnlyForDeploymentPostprocessing = 0;
		};
		F8E6A4AA2B0C229600E689F4 /* Resources */ = {
			isa = PBXResourcesBuildPhase;
			buildActionMask = 2147483647;
			files = (
			);
			runOnlyForDeploymentPostprocessing = 0;
		};
		F8E6A4B42B0C229600E689F4 /* Resources */ = {
			isa = PBXResourcesBuildPhase;
			buildActionMask = 2147483647;
			files = (
			);
			runOnlyForDeploymentPostprocessing = 0;
		};
/* End PBXResourcesBuildPhase section */

/* Begin PBXSourcesBuildPhase section */
		F8E6A4982B0C229400E689F4 /* Sources */ = {
			isa = PBXSourcesBuildPhase;
			buildActionMask = 2147483647;
			files = (
				F8E6A4D22B0D953200E689F4 /* SettingsView.swift in Sources */,
				F8E6A4CA2B0D77E300E689F4 /* SideMenuView.swift in Sources */,
				F8E6A4CC2B0D780200E689F4 /* SideMenuHeaderView.swift in Sources */,
				F8E6A4A22B0C229400E689F4 /* ContentView.swift in Sources */,
				F8E6A4CE2B0D781E00E689F4 /* SideMenuOptionView.swift in Sources */,
				F8E6A4D02B0D783400E689F4 /* SideMenuViewModel.swift in Sources */,
				F8E6A4A02B0C229400E689F4 /* TrainedApp.swift in Sources */,
			);
			runOnlyForDeploymentPostprocessing = 0;
		};
		F8E6A4A82B0C229600E689F4 /* Sources */ = {
			isa = PBXSourcesBuildPhase;
			buildActionMask = 2147483647;
			files = (
				F8E6A4B12B0C229600E689F4 /* TrainedTests.swift in Sources */,
			);
			runOnlyForDeploymentPostprocessing = 0;
		};
		F8E6A4B22B0C229600E689F4 /* Sources */ = {
			isa = PBXSourcesBuildPhase;
			buildActionMask = 2147483647;
			files = (
				F8E6A4BD2B0C229600E689F4 /* TrainedUITestsLaunchTests.swift in Sources */,
				F8E6A4BB2B0C229600E689F4 /* TrainedUITests.swift in Sources */,
			);
			runOnlyForDeploymentPostprocessing = 0;
		};
/* End PBXSourcesBuildPhase section */

/* Begin PBXTargetDependency section */
		F8E6A4AE2B0C229600E689F4 /* PBXTargetDependency */ = {
			isa = PBXTargetDependency;
			target = F8E6A49B2B0C229400E689F4 /* Trained */;
			targetProxy = F8E6A4AD2B0C229600E689F4 /* PBXContainerItemProxy */;
		};
		F8E6A4B82B0C229600E689F4 /* PBXTargetDependency */ = {
			isa = PBXTargetDependency;
			target = F8E6A49B2B0C229400E689F4 /* Trained */;
			targetProxy = F8E6A4B72B0C229600E689F4 /* PBXContainerItemProxy */;
		};
/* End PBXTargetDependency section */

/* Begin XCBuildConfiguration section */
		F8E6A4BE2B0C229600E689F4 /* Debug */ = {
			isa = XCBuildConfiguration;
			buildSettings = {
				ALWAYS_SEARCH_USER_PATHS = NO;
				ASSETCATALOG_COMPILER_GENERATE_SWIFT_ASSET_SYMBOL_EXTENSIONS = YES;
				CLANG_ANALYZER_NONNULL = YES;
				CLANG_ANALYZER_NUMBER_OBJECT_CONVERSION = YES_AGGRESSIVE;
				CLANG_CXX_LANGUAGE_STANDARD = "gnu++20";
				CLANG_ENABLE_MODULES = YES;
				CLANG_ENABLE_OBJC_ARC = YES;
				CLANG_ENABLE_OBJC_WEAK = YES;
				CLANG_WARN_BLOCK_CAPTURE_AUTORELEASING = YES;
				CLANG_WARN_BOOL_CONVERSION = YES;
				CLANG_WARN_COMMA = YES;
				CLANG_WARN_CONSTANT_CONVERSION = YES;
				CLANG_WARN_DEPRECATED_OBJC_IMPLEMENTATIONS = YES;
				CLANG_WARN_DIRECT_OBJC_ISA_USAGE = YES_ERROR;
				CLANG_WARN_DOCUMENTATION_COMMENTS = YES;
				CLANG_WARN_EMPTY_BODY = YES;
				CLANG_WARN_ENUM_CONVERSION = YES;
				CLANG_WARN_INFINITE_RECURSION = YES;
				CLANG_WARN_INT_CONVERSION = YES;
				CLANG_WARN_NON_LITERAL_NULL_CONVERSION = YES;
				CLANG_WARN_OBJC_IMPLICIT_RETAIN_SELF = YES;
				CLANG_WARN_OBJC_LITERAL_CONVERSION = YES;
				CLANG_WARN_OBJC_ROOT_CLASS = YES_ERROR;
				CLANG_WARN_QUOTED_INCLUDE_IN_FRAMEWORK_HEADER = YES;
				CLANG_WARN_RANGE_LOOP_ANALYSIS = YES;
				CLANG_WARN_STRICT_PROTOTYPES = YES;
				CLANG_WARN_SUSPICIOUS_MOVE = YES;
				CLANG_WARN_UNGUARDED_AVAILABILITY = YES_AGGRESSIVE;
				CLANG_WARN_UNREACHABLE_CODE = YES;
				CLANG_WARN__DUPLICATE_METHOD_MATCH = YES;
				COPY_PHASE_STRIP = NO;
				DEBUG_INFORMATION_FORMAT = dwarf;
				ENABLE_STRICT_OBJC_MSGSEND = YES;
				ENABLE_TESTABILITY = YES;
				ENABLE_USER_SCRIPT_SANDBOXING = YES;
				GCC_C_LANGUAGE_STANDARD = gnu17;
				GCC_DYNAMIC_NO_PIC = NO;
				GCC_NO_COMMON_BLOCKS = YES;
				GCC_OPTIMIZATION_LEVEL = 0;
				GCC_PREPROCESSOR_DEFINITIONS = (
					"DEBUG=1",
					"$(inherited)",
				);
				GCC_WARN_64_TO_32_BIT_CONVERSION = YES;
				GCC_WARN_ABOUT_RETURN_TYPE = YES_ERROR;
				GCC_WARN_UNDECLARED_SELECTOR = YES;
				GCC_WARN_UNINITIALIZED_AUTOS = YES_AGGRESSIVE;
				GCC_WARN_UNUSED_FUNCTION = YES;
				GCC_WARN_UNUSED_VARIABLE = YES;
				IPHONEOS_DEPLOYMENT_TARGET = 17.0;
				LOCALIZATION_PREFERS_STRING_CATALOGS = YES;
				MTL_ENABLE_DEBUG_INFO = INCLUDE_SOURCE;
				MTL_FAST_MATH = YES;
				ONLY_ACTIVE_ARCH = YES;
				SDKROOT = iphoneos;
				SWIFT_ACTIVE_COMPILATION_CONDITIONS = "DEBUG $(inherited)";
				SWIFT_OPTIMIZATION_LEVEL = "-Onone";
			};
			name = Debug;
		};
		F8E6A4BF2B0C229600E689F4 /* Release */ = {
			isa = XCBuildConfiguration;
			buildSettings = {
				ALWAYS_SEARCH_USER_PATHS = NO;
				ASSETCATALOG_COMPILER_GENERATE_SWIFT_ASSET_SYMBOL_EXTENSIONS = YES;
				CLANG_ANALYZER_NONNULL = YES;
				CLANG_ANALYZER_NUMBER_OBJECT_CONVERSION = YES_AGGRESSIVE;
				CLANG_CXX_LANGUAGE_STANDARD = "gnu++20";
				CLANG_ENABLE_MODULES = YES;
				CLANG_ENABLE_OBJC_ARC = YES;
				CLANG_ENABLE_OBJC_WEAK = YES;
				CLANG_WARN_BLOCK_CAPTURE_AUTORELEASING = YES;
				CLANG_WARN_BOOL_CONVERSION = YES;
				CLANG_WARN_COMMA = YES;
				CLANG_WARN_CONSTANT_CONVERSION = YES;
				CLANG_WARN_DEPRECATED_OBJC_IMPLEMENTATIONS = YES;
				CLANG_WARN_DIRECT_OBJC_ISA_USAGE = YES_ERROR;
				CLANG_WARN_DOCUMENTATION_COMMENTS = YES;
				CLANG_WARN_EMPTY_BODY = YES;
				CLANG_WARN_ENUM_CONVERSION = YES;
				CLANG_WARN_INFINITE_RECURSION = YES;
				CLANG_WARN_INT_CONVERSION = YES;
				CLANG_WARN_NON_LITERAL_NULL_CONVERSION = YES;
				CLANG_WARN_OBJC_IMPLICIT_RETAIN_SELF = YES;
				CLANG_WARN_OBJC_LITERAL_CONVERSION = YES;
				CLANG_WARN_OBJC_ROOT_CLASS = YES_ERROR;
				CLANG_WARN_QUOTED_INCLUDE_IN_FRAMEWORK_HEADER = YES;
				CLANG_WARN_RANGE_LOOP_ANALYSIS = YES;
				CLANG_WARN_STRICT_PROTOTYPES = YES;
				CLANG_WARN_SUSPICIOUS_MOVE = YES;
				CLANG_WARN_UNGUARDED_AVAILABILITY = YES_AGGRESSIVE;
				CLANG_WARN_UNREACHABLE_CODE = YES;
				CLANG_WARN__DUPLICATE_METHOD_MATCH = YES;
				COPY_PHASE_STRIP = NO;
				DEBUG_INFORMATION_FORMAT = "dwarf-with-dsym";
				ENABLE_NS_ASSERTIONS = NO;
				ENABLE_STRICT_OBJC_MSGSEND = YES;
				ENABLE_USER_SCRIPT_SANDBOXING = YES;
				GCC_C_LANGUAGE_STANDARD = gnu17;
				GCC_NO_COMMON_BLOCKS = YES;
				GCC_WARN_64_TO_32_BIT_CONVERSION = YES;
				GCC_WARN_ABOUT_RETURN_TYPE = YES_ERROR;
				GCC_WARN_UNDECLARED_SELECTOR = YES;
				GCC_WARN_UNINITIALIZED_AUTOS = YES_AGGRESSIVE;
				GCC_WARN_UNUSED_FUNCTION = YES;
				GCC_WARN_UNUSED_VARIABLE = YES;
				IPHONEOS_DEPLOYMENT_TARGET = 17.0;
				LOCALIZATION_PREFERS_STRING_CATALOGS = YES;
				MTL_ENABLE_DEBUG_INFO = NO;
				MTL_FAST_MATH = YES;
				SDKROOT = iphoneos;
				SWIFT_COMPILATION_MODE = wholemodule;
				VALIDATE_PRODUCT = YES;
			};
			name = Release;
		};
		F8E6A4C12B0C229600E689F4 /* Debug */ = {
			isa = XCBuildConfiguration;
			buildSettings = {
				ASSETCATALOG_COMPILER_APPICON_NAME = AppIcon;
				ASSETCATALOG_COMPILER_GLOBAL_ACCENT_COLOR_NAME = AccentColor;
				CODE_SIGN_STYLE = Automatic;
				CURRENT_PROJECT_VERSION = 1;
				DEVELOPMENT_ASSET_PATHS = "\"Trained/Preview Content\"";
				ENABLE_PREVIEWS = YES;
				GENERATE_INFOPLIST_FILE = YES;
				INFOPLIST_KEY_UIApplicationSceneManifest_Generation = YES;
				INFOPLIST_KEY_UIApplicationSupportsIndirectInputEvents = YES;
				INFOPLIST_KEY_UILaunchScreen_Generation = YES;
				INFOPLIST_KEY_UISupportedInterfaceOrientations_iPad = "UIInterfaceOrientationPortrait UIInterfaceOrientationPortraitUpsideDown UIInterfaceOrientationLandscapeLeft UIInterfaceOrientationLandscapeRight";
				INFOPLIST_KEY_UISupportedInterfaceOrientations_iPhone = "UIInterfaceOrientationPortrait UIInterfaceOrientationLandscapeLeft UIInterfaceOrientationLandscapeRight";
				LD_RUNPATH_SEARCH_PATHS = (
					"$(inherited)",
					"@executable_path/Frameworks",
				);
				MARKETING_VERSION = 1.0;
				PRODUCT_BUNDLE_IDENTIFIER = com.JC.Trained;
				PRODUCT_NAME = "$(TARGET_NAME)";
				SWIFT_EMIT_LOC_STRINGS = YES;
				SWIFT_VERSION = 5.0;
				TARGETED_DEVICE_FAMILY = "1,2";
			};
			name = Debug;
		};
		F8E6A4C22B0C229600E689F4 /* Release */ = {
			isa = XCBuildConfiguration;
			buildSettings = {
				ASSETCATALOG_COMPILER_APPICON_NAME = AppIcon;
				ASSETCATALOG_COMPILER_GLOBAL_ACCENT_COLOR_NAME = AccentColor;
				CODE_SIGN_STYLE = Automatic;
				CURRENT_PROJECT_VERSION = 1;
				DEVELOPMENT_ASSET_PATHS = "\"Trained/Preview Content\"";
				ENABLE_PREVIEWS = YES;
				GENERATE_INFOPLIST_FILE = YES;
				INFOPLIST_KEY_UIApplicationSceneManifest_Generation = YES;
				INFOPLIST_KEY_UIApplicationSupportsIndirectInputEvents = YES;
				INFOPLIST_KEY_UILaunchScreen_Generation = YES;
				INFOPLIST_KEY_UISupportedInterfaceOrientations_iPad = "UIInterfaceOrientationPortrait UIInterfaceOrientationPortraitUpsideDown UIInterfaceOrientationLandscapeLeft UIInterfaceOrientationLandscapeRight";
				INFOPLIST_KEY_UISupportedInterfaceOrientations_iPhone = "UIInterfaceOrientationPortrait UIInterfaceOrientationLandscapeLeft UIInterfaceOrientationLandscapeRight";
				LD_RUNPATH_SEARCH_PATHS = (
					"$(inherited)",
					"@executable_path/Frameworks",
				);
				MARKETING_VERSION = 1.0;
				PRODUCT_BUNDLE_IDENTIFIER = com.JC.Trained;
				PRODUCT_NAME = "$(TARGET_NAME)";
				SWIFT_EMIT_LOC_STRINGS = YES;
				SWIFT_VERSION = 5.0;
				TARGETED_DEVICE_FAMILY = "1,2";
			};
			name = Release;
		};
		F8E6A4C42B0C229600E689F4 /* Debug */ = {
			isa = XCBuildConfiguration;
			buildSettings = {
				ALWAYS_EMBED_SWIFT_STANDARD_LIBRARIES = YES;
				BUNDLE_LOADER = "$(TEST_HOST)";
				CODE_SIGN_STYLE = Automatic;
				CURRENT_PROJECT_VERSION = 1;
				GENERATE_INFOPLIST_FILE = YES;
				IPHONEOS_DEPLOYMENT_TARGET = 17.0;
				MARKETING_VERSION = 1.0;
				PRODUCT_BUNDLE_IDENTIFIER = com.JC.TrainedTests;
				PRODUCT_NAME = "$(TARGET_NAME)";
				SWIFT_EMIT_LOC_STRINGS = NO;
				SWIFT_VERSION = 5.0;
				TARGETED_DEVICE_FAMILY = "1,2";
				TEST_HOST = "$(BUILT_PRODUCTS_DIR)/Trained.app/$(BUNDLE_EXECUTABLE_FOLDER_PATH)/Trained";
			};
			name = Debug;
		};
		F8E6A4C52B0C229600E689F4 /* Release */ = {
			isa = XCBuildConfiguration;
			buildSettings = {
				ALWAYS_EMBED_SWIFT_STANDARD_LIBRARIES = YES;
				BUNDLE_LOADER = "$(TEST_HOST)";
				CODE_SIGN_STYLE = Automatic;
				CURRENT_PROJECT_VERSION = 1;
				GENERATE_INFOPLIST_FILE = YES;
				IPHONEOS_DEPLOYMENT_TARGET = 17.0;
				MARKETING_VERSION = 1.0;
				PRODUCT_BUNDLE_IDENTIFIER = com.JC.TrainedTests;
				PRODUCT_NAME = "$(TARGET_NAME)";
				SWIFT_EMIT_LOC_STRINGS = NO;
				SWIFT_VERSION = 5.0;
				TARGETED_DEVICE_FAMILY = "1,2";
				TEST_HOST = "$(BUILT_PRODUCTS_DIR)/Trained.app/$(BUNDLE_EXECUTABLE_FOLDER_PATH)/Trained";
			};
			name = Release;
		};
		F8E6A4C72B0C229600E689F4 /* Debug */ = {
			isa = XCBuildConfiguration;
			buildSettings = {
				ALWAYS_EMBED_SWIFT_STANDARD_LIBRARIES = YES;
				CODE_SIGN_STYLE = Automatic;
				CURRENT_PROJECT_VERSION = 1;
				GENERATE_INFOPLIST_FILE = YES;
				MARKETING_VERSION = 1.0;
				PRODUCT_BUNDLE_IDENTIFIER = com.JC.TrainedUITests;
				PRODUCT_NAME = "$(TARGET_NAME)";
				SWIFT_EMIT_LOC_STRINGS = NO;
				SWIFT_VERSION = 5.0;
				TARGETED_DEVICE_FAMILY = "1,2";
				TEST_TARGET_NAME = Trained;
			};
			name = Debug;
		};
		F8E6A4C82B0C229600E689F4 /* Release */ = {
			isa = XCBuildConfiguration;
			buildSettings = {
				ALWAYS_EMBED_SWIFT_STANDARD_LIBRARIES = YES;
				CODE_SIGN_STYLE = Automatic;
				CURRENT_PROJECT_VERSION = 1;
				GENERATE_INFOPLIST_FILE = YES;
				MARKETING_VERSION = 1.0;
				PRODUCT_BUNDLE_IDENTIFIER = com.JC.TrainedUITests;
				PRODUCT_NAME = "$(TARGET_NAME)";
				SWIFT_EMIT_LOC_STRINGS = NO;
				SWIFT_VERSION = 5.0;
				TARGETED_DEVICE_FAMILY = "1,2";
				TEST_TARGET_NAME = Trained;
			};
			name = Release;
		};
/* End XCBuildConfiguration section */

/* Begin XCConfigurationList section */
		F8E6A4972B0C229400E689F4 /* Build configuration list for PBXProject "Trained" */ = {
			isa = XCConfigurationList;
			buildConfigurations = (
				F8E6A4BE2B0C229600E689F4 /* Debug */,
				F8E6A4BF2B0C229600E689F4 /* Release */,
			);
			defaultConfigurationIsVisible = 0;
			defaultConfigurationName = Release;
		};
		F8E6A4C02B0C229600E689F4 /* Build configuration list for PBXNativeTarget "Trained" */ = {
			isa = XCConfigurationList;
			buildConfigurations = (
				F8E6A4C12B0C229600E689F4 /* Debug */,
				F8E6A4C22B0C229600E689F4 /* Release */,
			);
			defaultConfigurationIsVisible = 0;
			defaultConfigurationName = Release;
		};
		F8E6A4C32B0C229600E689F4 /* Build configuration list for PBXNativeTarget "TrainedTests" */ = {
			isa = XCConfigurationList;
			buildConfigurations = (
				F8E6A4C42B0C229600E689F4 /* Debug */,
				F8E6A4C52B0C229600E689F4 /* Release */,
			);
			defaultConfigurationIsVisible = 0;
			defaultConfigurationName = Release;
		};
		F8E6A4C62B0C229600E689F4 /* Build configuration list for PBXNativeTarget "TrainedUITests" */ = {
			isa = XCConfigurationList;
			buildConfigurations = (
				F8E6A4C72B0C229600E689F4 /* Debug */,
				F8E6A4C82B0C229600E689F4 /* Release */,
			);
			defaultConfigurationIsVisible = 0;
			defaultConfigurationName = Release;
		};
/* End XCConfigurationList section */
	};
	rootObject = F8E6A4942B0C229400E689F4 /* Project object */;
}
